// !$*UTF8*$!
{
	archiveVersion = 1;
	classes = {
	};
	objectVersion = 55;
	objects = {

/* Begin PBXBuildFile section */
		843D91AF2907391200D97BD6 /* AudioPlayer.swift in Sources */ = {isa = PBXBuildFile; fileRef = 843D91AE2907391200D97BD6 /* AudioPlayer.swift */; };
		84CBDBCB2901F95500B22593 /* CircleGroupView.swift in Sources */ = {isa = PBXBuildFile; fileRef = 84CBDBCA2901F95500B22593 /* CircleGroupView.swift */; };
		84E36A6B28FF4B3E006C2C9B /* RestartApp.swift in Sources */ = {isa = PBXBuildFile; fileRef = 84E36A6A28FF4B3E006C2C9B /* RestartApp.swift */; };
		84E36A6D28FF4B3E006C2C9B /* ContentView.swift in Sources */ = {isa = PBXBuildFile; fileRef = 84E36A6C28FF4B3E006C2C9B /* ContentView.swift */; };
		84E36A6F28FF4B41006C2C9B /* Assets.xcassets in Resources */ = {isa = PBXBuildFile; fileRef = 84E36A6E28FF4B41006C2C9B /* Assets.xcassets */; };
		84E36A7228FF4B41006C2C9B /* Preview Assets.xcassets in Resources */ = {isa = PBXBuildFile; fileRef = 84E36A7128FF4B41006C2C9B /* Preview Assets.xcassets */; };
		84E36A7A28FF4CB7006C2C9B /* chimeup.mp3 in Resources */ = {isa = PBXBuildFile; fileRef = 84E36A7828FF4CB7006C2C9B /* chimeup.mp3 */; };
		84E36A7B28FF4CB7006C2C9B /* success.m4a in Resources */ = {isa = PBXBuildFile; fileRef = 84E36A7928FF4CB7006C2C9B /* success.m4a */; };
		84E36A8228FF4FBA006C2C9B /* OnboardingView.swift in Sources */ = {isa = PBXBuildFile; fileRef = 84E36A8128FF4FBA006C2C9B /* OnboardingView.swift */; };
		84E36A8428FF4FC6006C2C9B /* HomeView.swift in Sources */ = {isa = PBXBuildFile; fileRef = 84E36A8328FF4FC6006C2C9B /* HomeView.swift */; };
/* End PBXBuildFile section */

/* Begin PBXFileReference section */
		843D91AE2907391200D97BD6 /* AudioPlayer.swift */ = {isa = PBXFileReference; lastKnownFileType = sourcecode.swift; path = AudioPlayer.swift; sourceTree = "<group>"; };
		84CBDBCA2901F95500B22593 /* CircleGroupView.swift */ = {isa = PBXFileReference; lastKnownFileType = sourcecode.swift; path = CircleGroupView.swift; sourceTree = "<group>"; };
		84E36A6728FF4B3E006C2C9B /* Restart.app */ = {isa = PBXFileReference; explicitFileType = wrapper.application; includeInIndex = 0; path = Restart.app; sourceTree = BUILT_PRODUCTS_DIR; };
		84E36A6A28FF4B3E006C2C9B /* RestartApp.swift */ = {isa = PBXFileReference; lastKnownFileType = sourcecode.swift; path = RestartApp.swift; sourceTree = "<group>"; };
		84E36A6C28FF4B3E006C2C9B /* ContentView.swift */ = {isa = PBXFileReference; lastKnownFileType = sourcecode.swift; path = ContentView.swift; sourceTree = "<group>"; };
		84E36A6E28FF4B41006C2C9B /* Assets.xcassets */ = {isa = PBXFileReference; lastKnownFileType = folder.assetcatalog; path = Assets.xcassets; sourceTree = "<group>"; };
		84E36A7128FF4B41006C2C9B /* Preview Assets.xcassets */ = {isa = PBXFileReference; lastKnownFileType = folder.assetcatalog; path = "Preview Assets.xcassets"; sourceTree = "<group>"; };
		84E36A7828FF4CB7006C2C9B /* chimeup.mp3 */ = {isa = PBXFileReference; lastKnownFileType = audio.mp3; path = chimeup.mp3; sourceTree = "<group>"; };
		84E36A7928FF4CB7006C2C9B /* success.m4a */ = {isa = PBXFileReference; lastKnownFileType = file; path = success.m4a; sourceTree = "<group>"; };
		84E36A8028FF4F60006C2C9B /* Info.plist */ = {isa = PBXFileReference; lastKnownFileType = text.plist; path = Info.plist; sourceTree = "<group>"; };
		84E36A8128FF4FBA006C2C9B /* OnboardingView.swift */ = {isa = PBXFileReference; lastKnownFileType = sourcecode.swift; path = OnboardingView.swift; sourceTree = "<group>"; };
		84E36A8328FF4FC6006C2C9B /* HomeView.swift */ = {isa = PBXFileReference; lastKnownFileType = sourcecode.swift; path = HomeView.swift; sourceTree = "<group>"; };
/* End PBXFileReference section */

/* Begin PBXFrameworksBuildPhase section */
		84E36A6428FF4B3E006C2C9B /* Frameworks */ = {
			isa = PBXFrameworksBuildPhase;
			buildActionMask = 2147483647;
			files = (
			);
			runOnlyForDeploymentPostprocessing = 0;
		};
/* End PBXFrameworksBuildPhase section */

/* Begin PBXGroup section */
		84E36A5E28FF4B3E006C2C9B = {
			isa = PBXGroup;
			children = (
				84E36A6928FF4B3E006C2C9B /* Restart */,
				84E36A6828FF4B3E006C2C9B /* Products */,
			);
			sourceTree = "<group>";
		};
		84E36A6828FF4B3E006C2C9B /* Products */ = {
			isa = PBXGroup;
			children = (
				84E36A6728FF4B3E006C2C9B /* Restart.app */,
			);
			name = Products;
			sourceTree = "<group>";
		};
		84E36A6928FF4B3E006C2C9B /* Restart */ = {
			isa = PBXGroup;
			children = (
				84E36A8028FF4F60006C2C9B /* Info.plist */,
				84E36A7F28FF4E32006C2C9B /* Utils */,
				84E36A7E28FF4E21006C2C9B /* Views */,
				84E36A7C28FF4CCD006C2C9B /* Sounds */,
				84E36A6A28FF4B3E006C2C9B /* RestartApp.swift */,
				84E36A7D28FF4E07006C2C9B /* Screens */,
				84E36A6E28FF4B41006C2C9B /* Assets.xcassets */,
				84E36A7028FF4B41006C2C9B /* Preview Content */,
			);
			path = Restart;
			sourceTree = "<group>";
		};
		84E36A7028FF4B41006C2C9B /* Preview Content */ = {
			isa = PBXGroup;
			children = (
				84E36A7128FF4B41006C2C9B /* Preview Assets.xcassets */,
			);
			path = "Preview Content";
			sourceTree = "<group>";
		};
		84E36A7C28FF4CCD006C2C9B /* Sounds */ = {
			isa = PBXGroup;
			children = (
				84E36A7828FF4CB7006C2C9B /* chimeup.mp3 */,
				84E36A7928FF4CB7006C2C9B /* success.m4a */,
			);
			path = Sounds;
			sourceTree = "<group>";
		};
		84E36A7D28FF4E07006C2C9B /* Screens */ = {
			isa = PBXGroup;
			children = (
				84E36A6C28FF4B3E006C2C9B /* ContentView.swift */,
				84E36A8128FF4FBA006C2C9B /* OnboardingView.swift */,
				84E36A8328FF4FC6006C2C9B /* HomeView.swift */,
			);
			path = Screens;
			sourceTree = "<group>";
		};
		84E36A7E28FF4E21006C2C9B /* Views */ = {
			isa = PBXGroup;
			children = (
				84CBDBCA2901F95500B22593 /* CircleGroupView.swift */,
			);
			path = Views;
			sourceTree = "<group>";
		};
		84E36A7F28FF4E32006C2C9B /* Utils */ = {
			isa = PBXGroup;
			children = (
				843D91AE2907391200D97BD6 /* AudioPlayer.swift */,
			);
			path = Utils;
			sourceTree = "<group>";
		};
/* End PBXGroup section */

/* Begin PBXNativeTarget section */
		84E36A6628FF4B3E006C2C9B /* Restart */ = {
			isa = PBXNativeTarget;
			buildConfigurationList = 84E36A7528FF4B41006C2C9B /* Build configuration list for PBXNativeTarget "Restart" */;
			buildPhases = (
				84E36A6328FF4B3E006C2C9B /* Sources */,
				84E36A6428FF4B3E006C2C9B /* Frameworks */,
				84E36A6528FF4B3E006C2C9B /* Resources */,
			);
			buildRules = (
			);
			dependencies = (
			);
			name = Restart;
			productName = Restart;
			productReference = 84E36A6728FF4B3E006C2C9B /* Restart.app */;
			productType = "com.apple.product-type.application";
		};
/* End PBXNativeTarget section */

/* Begin PBXProject section */
		84E36A5F28FF4B3E006C2C9B /* Project object */ = {
			isa = PBXProject;
			attributes = {
				BuildIndependentTargetsInParallel = 1;
				LastSwiftUpdateCheck = 1340;
				LastUpgradeCheck = 1340;
				TargetAttributes = {
					84E36A6628FF4B3E006C2C9B = {
						CreatedOnToolsVersion = 13.4;
					};
				};
			};
			buildConfigurationList = 84E36A6228FF4B3E006C2C9B /* Build configuration list for PBXProject "Restart" */;
			compatibilityVersion = "Xcode 13.0";
			developmentRegion = en;
			hasScannedForEncodings = 0;
			knownRegions = (
				en,
				Base,
			);
			mainGroup = 84E36A5E28FF4B3E006C2C9B;
			productRefGroup = 84E36A6828FF4B3E006C2C9B /* Products */;
			projectDirPath = "";
			projectRoot = "";
			targets = (
				84E36A6628FF4B3E006C2C9B /* Restart */,
			);
		};
/* End PBXProject section */

/* Begin PBXResourcesBuildPhase section */
		84E36A6528FF4B3E006C2C9B /* Resources */ = {
			isa = PBXResourcesBuildPhase;
			buildActionMask = 2147483647;
			files = (
				84E36A7B28FF4CB7006C2C9B /* success.m4a in Resources */,
				84E36A7A28FF4CB7006C2C9B /* chimeup.mp3 in Resources */,
				84E36A7228FF4B41006C2C9B /* Preview Assets.xcassets in Resources */,
				84E36A6F28FF4B41006C2C9B /* Assets.xcassets in Resources */,
			);
			runOnlyForDeploymentPostprocessing = 0;
		};
/* End PBXResourcesBuildPhase section */

/* Begin PBXSourcesBuildPhase section */
		84E36A6328FF4B3E006C2C9B /* Sources */ = {
			isa = PBXSourcesBuildPhase;
			buildActionMask = 2147483647;
			files = (
				84CBDBCB2901F95500B22593 /* CircleGroupView.swift in Sources */,
				84E36A8228FF4FBA006C2C9B /* OnboardingView.swift in Sources */,
				84E36A8428FF4FC6006C2C9B /* HomeView.swift in Sources */,
				84E36A6D28FF4B3E006C2C9B /* ContentView.swift in Sources */,
				84E36A6B28FF4B3E006C2C9B /* RestartApp.swift in Sources */,
				843D91AF2907391200D97BD6 /* AudioPlayer.swift in Sources */,
			);
			runOnlyForDeploymentPostprocessing = 0;
		};
/* End PBXSourcesBuildPhase section */

/* Begin XCBuildConfiguration section */
		84E36A7328FF4B41006C2C9B /* Debug */ = {
			isa = XCBuildConfiguration;
			buildSettings = {
				ALWAYS_SEARCH_USER_PATHS = NO;
				CLANG_ANALYZER_NONNULL = YES;
				CLANG_ANALYZER_NUMBER_OBJECT_CONVERSION = YES_AGGRESSIVE;
				CLANG_CXX_LANGUAGE_STANDARD = "gnu++17";
				CLANG_ENABLE_MODULES = YES;
				CLANG_ENABLE_OBJC_ARC = YES;
				CLANG_ENABLE_OBJC_WEAK = YES;
				CLANG_WARN_BLOCK_CAPTURE_AUTORELEASING = YES;
				CLANG_WARN_BOOL_CONVERSION = YES;
				CLANG_WARN_COMMA = YES;
				CLANG_WARN_CONSTANT_CONVERSION = YES;
				CLANG_WARN_DEPRECATED_OBJC_IMPLEMENTATIONS = YES;
				CLANG_WARN_DIRECT_OBJC_ISA_USAGE = YES_ERROR;
				CLANG_WARN_DOCUMENTATION_COMMENTS = YES;
				CLANG_WARN_EMPTY_BODY = YES;
				CLANG_WARN_ENUM_CONVERSION = YES;
				CLANG_WARN_INFINITE_RECURSION = YES;
				CLANG_WARN_INT_CONVERSION = YES;
				CLANG_WARN_NON_LITERAL_NULL_CONVERSION = YES;
				CLANG_WARN_OBJC_IMPLICIT_RETAIN_SELF = YES;
				CLANG_WARN_OBJC_LITERAL_CONVERSION = YES;
				CLANG_WARN_OBJC_ROOT_CLASS = YES_ERROR;
				CLANG_WARN_QUOTED_INCLUDE_IN_FRAMEWORK_HEADER = YES;
				CLANG_WARN_RANGE_LOOP_ANALYSIS = YES;
				CLANG_WARN_STRICT_PROTOTYPES = YES;
				CLANG_WARN_SUSPICIOUS_MOVE = YES;
				CLANG_WARN_UNGUARDED_AVAILABILITY = YES_AGGRESSIVE;
				CLANG_WARN_UNREACHABLE_CODE = YES;
				CLANG_WARN__DUPLICATE_METHOD_MATCH = YES;
				COPY_PHASE_STRIP = NO;
				DEBUG_INFORMATION_FORMAT = dwarf;
				ENABLE_STRICT_OBJC_MSGSEND = YES;
				ENABLE_TESTABILITY = YES;
				GCC_C_LANGUAGE_STANDARD = gnu11;
				GCC_DYNAMIC_NO_PIC = NO;
				GCC_NO_COMMON_BLOCKS = YES;
				GCC_OPTIMIZATION_LEVEL = 0;
				GCC_PREPROCESSOR_DEFINITIONS = (
					"DEBUG=1",
					"$(inherited)",
				);
				GCC_WARN_64_TO_32_BIT_CONVERSION = YES;
				GCC_WARN_ABOUT_RETURN_TYPE = YES_ERROR;
				GCC_WARN_UNDECLARED_SELECTOR = YES;
				GCC_WARN_UNINITIALIZED_AUTOS = YES_AGGRESSIVE;
				GCC_WARN_UNUSED_FUNCTION = YES;
				GCC_WARN_UNUSED_VARIABLE = YES;
				IPHONEOS_DEPLOYMENT_TARGET = 15.5;
				MTL_ENABLE_DEBUG_INFO = INCLUDE_SOURCE;
				MTL_FAST_MATH = YES;
				ONLY_ACTIVE_ARCH = YES;
				SDKROOT = iphoneos;
				SWIFT_ACTIVE_COMPILATION_CONDITIONS = DEBUG;
				SWIFT_OPTIMIZATION_LEVEL = "-Onone";
			};
			name = Debug;
		};
		84E36A7428FF4B41006C2C9B /* Release */ = {
			isa = XCBuildConfiguration;
			buildSettings = {
				ALWAYS_SEARCH_USER_PATHS = NO;
				CLANG_ANALYZER_NONNULL = YES;
				CLANG_ANALYZER_NUMBER_OBJECT_CONVERSION = YES_AGGRESSIVE;
				CLANG_CXX_LANGUAGE_STANDARD = "gnu++17";
				CLANG_ENABLE_MODULES = YES;
				CLANG_ENABLE_OBJC_ARC = YES;
				CLANG_ENABLE_OBJC_WEAK = YES;
				CLANG_WARN_BLOCK_CAPTURE_AUTORELEASING = YES;
				CLANG_WARN_BOOL_CONVERSION = YES;
				CLANG_WARN_COMMA = YES;
				CLANG_WARN_CONSTANT_CONVERSION = YES;
				CLANG_WARN_DEPRECATED_OBJC_IMPLEMENTATIONS = YES;
				CLANG_WARN_DIRECT_OBJC_ISA_USAGE = YES_ERROR;
				CLANG_WARN_DOCUMENTATION_COMMENTS = YES;
				CLANG_WARN_EMPTY_BODY = YES;
				CLANG_WARN_ENUM_CONVERSION = YES;
				CLANG_WARN_INFINITE_RECURSION = YES;
				CLANG_WARN_INT_CONVERSION = YES;
				CLANG_WARN_NON_LITERAL_NULL_CONVERSION = YES;
				CLANG_WARN_OBJC_IMPLICIT_RETAIN_SELF = YES;
				CLANG_WARN_OBJC_LITERAL_CONVERSION = YES;
				CLANG_WARN_OBJC_ROOT_CLASS = YES_ERROR;
				CLANG_WARN_QUOTED_INCLUDE_IN_FRAMEWORK_HEADER = YES;
				CLANG_WARN_RANGE_LOOP_ANALYSIS = YES;
				CLANG_WARN_STRICT_PROTOTYPES = YES;
				CLANG_WARN_SUSPICIOUS_MOVE = YES;
				CLANG_WARN_UNGUARDED_AVAILABILITY = YES_AGGRESSIVE;
				CLANG_WARN_UNREACHABLE_CODE = YES;
				CLANG_WARN__DUPLICATE_METHOD_MATCH = YES;
				COPY_PHASE_STRIP = NO;
				DEBUG_INFORMATION_FORMAT = "dwarf-with-dsym";
				ENABLE_NS_ASSERTIONS = NO;
				ENABLE_STRICT_OBJC_MSGSEND = YES;
				GCC_C_LANGUAGE_STANDARD = gnu11;
				GCC_NO_COMMON_BLOCKS = YES;
				GCC_WARN_64_TO_32_BIT_CONVERSION = YES;
				GCC_WARN_ABOUT_RETURN_TYPE = YES_ERROR;
				GCC_WARN_UNDECLARED_SELECTOR = YES;
				GCC_WARN_UNINITIALIZED_AUTOS = YES_AGGRESSIVE;
				GCC_WARN_UNUSED_FUNCTION = YES;
				GCC_WARN_UNUSED_VARIABLE = YES;
				IPHONEOS_DEPLOYMENT_TARGET = 15.5;
				MTL_ENABLE_DEBUG_INFO = NO;
				MTL_FAST_MATH = YES;
				SDKROOT = iphoneos;
				SWIFT_COMPILATION_MODE = wholemodule;
				SWIFT_OPTIMIZATION_LEVEL = "-O";
				VALIDATE_PRODUCT = YES;
			};
			name = Release;
		};
		84E36A7628FF4B41006C2C9B /* Debug */ = {
			isa = XCBuildConfiguration;
			buildSettings = {
				ASSETCATALOG_COMPILER_APPICON_NAME = AppIcon;
				ASSETCATALOG_COMPILER_GLOBAL_ACCENT_COLOR_NAME = AccentColor;
				CODE_SIGN_STYLE = Automatic;
				CURRENT_PROJECT_VERSION = 1;
				DEVELOPMENT_ASSET_PATHS = "\"Restart/Preview Content\"";
				DEVELOPMENT_TEAM = X6MTUDYME2;
				ENABLE_PREVIEWS = YES;
				GENERATE_INFOPLIST_FILE = YES;
				INFOPLIST_FILE = Restart/Info.plist;
				INFOPLIST_KEY_UIApplicationSceneManifest_Generation = YES;
				INFOPLIST_KEY_UIApplicationSupportsIndirectInputEvents = YES;
				INFOPLIST_KEY_UISupportedInterfaceOrientations = UIInterfaceOrientationPortrait;
				INFOPLIST_KEY_UISupportedInterfaceOrientations_iPad = "UIInterfaceOrientationPortrait UIInterfaceOrientationPortraitUpsideDown UIInterfaceOrientationLandscapeLeft UIInterfaceOrientationLandscapeRight";
				INFOPLIST_KEY_UISupportedInterfaceOrientations_iPhone = UIInterfaceOrientationPortrait;
				LD_RUNPATH_SEARCH_PATHS = (
					"$(inherited)",
					"@executable_path/Frameworks",
				);
				MARKETING_VERSION = 1.0;
				PRODUCT_BUNDLE_IDENTIFIER = come.elijah.patric.Restart;
				PRODUCT_NAME = "$(TARGET_NAME)";
				SWIFT_EMIT_LOC_STRINGS = YES;
				SWIFT_VERSION = 5.0;
				TARGETED_DEVICE_FAMILY = "1,2";
			};
			name = Debug;
		};
		84E36A7728FF4B41006C2C9B /* Release */ = {
			isa = XCBuildConfiguration;
			buildSettings = {
				ASSETCATALOG_COMPILER_APPICON_NAME = AppIcon;
				ASSETCATALOG_COMPILER_GLOBAL_ACCENT_COLOR_NAME = AccentColor;
				CODE_SIGN_STYLE = Automatic;
				CURRENT_PROJECT_VERSION = 1;
				DEVELOPMENT_ASSET_PATHS = "\"Restart/Preview Content\"";
				DEVELOPMENT_TEAM = X6MTUDYME2;
				ENABLE_PREVIEWS = YES;
				GENERATE_INFOPLIST_FILE = YES;
				INFOPLIST_FILE = Restart/Info.plist;
				INFOPLIST_KEY_UIApplicationSceneManifest_Generation = YES;
				INFOPLIST_KEY_UIApplicationSupportsIndirectInputEvents = YES;
				INFOPLIST_KEY_UISupportedInterfaceOrientations = UIInterfaceOrientationPortrait;
				INFOPLIST_KEY_UISupportedInterfaceOrientations_iPad = "UIInterfaceOrientationPortrait UIInterfaceOrientationPortraitUpsideDown UIInterfaceOrientationLandscapeLeft UIInterfaceOrientationLandscapeRight";
				INFOPLIST_KEY_UISupportedInterfaceOrientations_iPhone = UIInterfaceOrientationPortrait;
				LD_RUNPATH_SEARCH_PATHS = (
					"$(inherited)",
					"@executable_path/Frameworks",
				);
				MARKETING_VERSION = 1.0;
				PRODUCT_BUNDLE_IDENTIFIER = come.elijah.patric.Restart;
				PRODUCT_NAME = "$(TARGET_NAME)";
				SWIFT_EMIT_LOC_STRINGS = YES;
				SWIFT_VERSION = 5.0;
				TARGETED_DEVICE_FAMILY = "1,2";
			};
			name = Release;
		};
/* End XCBuildConfiguration section */

/* Begin XCConfigurationList section */
		84E36A6228FF4B3E006C2C9B /* Build configuration list for PBXProject "Restart" */ = {
			isa = XCConfigurationList;
			buildConfigurations = (
				84E36A7328FF4B41006C2C9B /* Debug */,
				84E36A7428FF4B41006C2C9B /* Release */,
			);
			defaultConfigurationIsVisible = 0;
			defaultConfigurationName = Release;
		};
		84E36A7528FF4B41006C2C9B /* Build configuration list for PBXNativeTarget "Restart" */ = {
			isa = XCConfigurationList;
			buildConfigurations = (
				84E36A7628FF4B41006C2C9B /* Debug */,
				84E36A7728FF4B41006C2C9B /* Release */,
			);
			defaultConfigurationIsVisible = 0;
			defaultConfigurationName = Release;
		};
/* End XCConfigurationList section */
	};
	rootObject = 84E36A5F28FF4B3E006C2C9B /* Project object */;
}
